
Microsoft Visual Studio Solution File, Format Version 12.00
# Visual Studio Version 17
VisualStudioVersion = 17.14.37203.1
MinimumVisualStudioVersion = 10.0.40219.1
Project("{8BC9CEB8-8B4A-11D0-8D11-00A0C91BC942}") = "HelloWorld", "HelloWorld\HelloWorld.vcxproj", "{A6351B45-56BE-41B5-ADBF-6F046C8041FC}"
EndProject
Project("{8BC9CEB8-8B4A-11D0-8D11-00A0C91BC942}") = "KillButton", "KillButton\KillButton.vcxproj", "{C61E78AC-40F7-4B85-8A8B-DFB2040BCEB3}"
EndProject
Project("{8BC9CEB8-8B4A-11D0-8D11-00A0C91BC942}") = "PluginExport", "PluginExport\PluginExport.vcxproj", "{AD4E7E4A-6BCA-424C-953C-07CF3FFE6543}"
EndProject
Project("{8BC9CEB8-8B4A-11D0-8D11-00A0C91BC942}") = "PluginImport", "PluginImport\PluginImport.vcxproj", "{B2E9A7F4-FF9B-408B-BD2E-BE1368ADC602}"
	ProjectSection(ProjectDependencies) = postProject
		{AD4E7E4A-6BCA-424C-953C-07CF3FFE6543} = {AD4E7E4A-6BCA-424C-953C-07CF3FFE6543}
	EndProjectSection
EndProject
Project("{8BC9CEB8-8B4A-11D0-8D11-00A0C91BC942}") = "Dialogue", "Dialogue\Dialogue.vcxproj", "{23AA5611-75D0-40D5-AF22-97F4BF533711}"
EndProject
Project("{8BC9CEB8-8B4A-11D0-8D11-00A0C91BC942}") = "WorldStates", "WorldStates\WorldStates.vcxproj", "{48EECA81-3B9C-43ED-A974-2C3142ED8C4E}"
EndProject
Project("{9A19103F-16F7-4668-BE54-9A1E7A4F7556}") = "WorldStates_FCS", "WorldStates_FCS\WorldStates_FCS.csproj", "{C5DF77E7-C043-4811-946F-FB710AE96E6F}"
EndProject
Project("{FAE04EC0-301F-11D3-BF4B-00C04F79EFBC}") = "Dialogue_FCS", "Dialogue_FCS\Dialogue_FCS.csproj", "{7C798466-2F92-4A8F-8E19-761B3ACCD202}"
EndProject
Project("{8BC9CEB8-8B4A-11D0-8D11-00A0C91BC942}") = "CharacterHighlight", "CharacterHighlight\CharacterHighlight.vcxproj", "{D71C3ACC-33FF-4D2D-BC22-5011EE6423E7}"
EndProject
Project("{8BC9CEB8-8B4A-11D0-8D11-00A0C91BC942}") = "SkillIncrease", "SkillIncrease\SkillIncrease.vcxproj", "{9FA222D5-8C29-4614-A633-6EBFDD978EE5}"
EndProject
Project("{FAE04EC0-301F-11D3-BF4B-00C04F79EFBC}") = "SkillIncrease_FCS", "SkillIncrease_FCS\SkillIncrease_FCS.csproj", "{6A2F6D33-F73D-7427-7835-774F9AB5B99B}"
EndProject
Project("{2150E333-8FDC-42A3-9474-1A3956D46DE8}") = "Solution Items", "Solution Items", "{8EC462FD-D22E-90A8-E5CE-7E832BA40C5D}"
	ProjectSection(SolutionItems) = preProject
		BuildSetup.md = BuildSetup.md
		CLAUDE_RE_Kenshi_Plugin_Notes.md = CLAUDE_RE_Kenshi_Plugin_Notes.md
	EndProjectSection
EndProject
Global
	GlobalSection(SolutionConfigurationPlatforms) = preSolution
		Debug|Any CPU = Debug|Any CPU
		Debug|x64 = Debug|x64
		Release|Any CPU = Release|Any CPU
		Release|x64 = Release|x64
	EndGlobalSection
	GlobalSection(ProjectConfigurationPlatforms) = postSolution
		{A6351B45-56BE-41B5-ADBF-6F046C8041FC}.Debug|Any CPU.ActiveCfg = Debug|x64
		{A6351B45-56BE-41B5-ADBF-6F046C8041FC}.Debug|x64.ActiveCfg = Debug|x64
		{A6351B45-56BE-41B5-ADBF-6F046C8041FC}.Debug|x64.Build.0 = Debug|x64
		{A6351B45-56BE-41B5-ADBF-6F046C8041FC}.Release|Any CPU.ActiveCfg = Release|x64
		{A6351B45-56BE-41B5-ADBF-6F046C8041FC}.Release|x64.ActiveCfg = Release|x64
		{A6351B45-56BE-41B5-ADBF-6F046C8041FC}.Release|x64.Build.0 = Release|x64
		{C61E78AC-40F7-4B85-8A8B-DFB2040BCEB3}.Debug|Any CPU.ActiveCfg = Debug|x64
		{C61E78AC-40F7-4B85-8A8B-DFB2040BCEB3}.Debug|x64.ActiveCfg = Debug|x64
		{C61E78AC-40F7-4B85-8A8B-DFB2040BCEB3}.Debug|x64.Build.0 = Debug|x64
		{C61E78AC-40F7-4B85-8A8B-DFB2040BCEB3}.Release|Any CPU.ActiveCfg = Release|x64
		{C61E78AC-40F7-4B85-8A8B-DFB2040BCEB3}.Release|x64.ActiveCfg = Release|x64
		{C61E78AC-40F7-4B85-8A8B-DFB2040BCEB3}.Release|x64.Build.0 = Release|x64
		{AD4E7E4A-6BCA-424C-953C-07CF3FFE6543}.Debug|Any CPU.ActiveCfg = Debug|Win32
		{AD4E7E4A-6BCA-424C-953C-07CF3FFE6543}.Debug|x64.ActiveCfg = Debug|x64
		{AD4E7E4A-6BCA-424C-953C-07CF3FFE6543}.Debug|x64.Build.0 = Debug|x64
		{AD4E7E4A-6BCA-424C-953C-07CF3FFE6543}.Release|Any CPU.ActiveCfg = Release|Win32
		{AD4E7E4A-6BCA-424C-953C-07CF3FFE6543}.Release|x64.ActiveCfg = Release|x64
		{AD4E7E4A-6BCA-424C-953C-07CF3FFE6543}.Release|x64.Build.0 = Release|x64
		{B2E9A7F4-FF9B-408B-BD2E-BE1368ADC602}.Debug|Any CPU.ActiveCfg = Debug|Win32
		{B2E9A7F4-FF9B-408B-BD2E-BE1368ADC602}.Debug|x64.ActiveCfg = Debug|x64
		{B2E9A7F4-FF9B-408B-BD2E-BE1368ADC602}.Debug|x64.Build.0 = Debug|x64
		{B2E9A7F4-FF9B-408B-BD2E-BE1368ADC602}.Release|Any CPU.ActiveCfg = Release|Win32
		{B2E9A7F4-FF9B-408B-BD2E-BE1368ADC602}.Release|x64.ActiveCfg = Release|x64
		{B2E9A7F4-FF9B-408B-BD2E-BE1368ADC602}.Release|x64.Build.0 = Release|x64
		{23AA5611-75D0-40D5-AF22-97F4BF533711}.Debug|Any CPU.ActiveCfg = Debug|Win32
		{23AA5611-75D0-40D5-AF22-97F4BF533711}.Debug|x64.ActiveCfg = Debug|x64
		{23AA5611-75D0-40D5-AF22-97F4BF533711}.Debug|x64.Build.0 = Debug|x64
		{23AA5611-75D0-40D5-AF22-97F4BF533711}.Release|Any CPU.ActiveCfg = Release|Win32
		{23AA5611-75D0-40D5-AF22-97F4BF533711}.Release|x64.ActiveCfg = Release|x64
		{23AA5611-75D0-40D5-AF22-97F4BF533711}.Release|x64.Build.0 = Release|x64
		{48EECA81-3B9C-43ED-A974-2C3142ED8C4E}.Debug|Any CPU.ActiveCfg = Debug|Win32
		{48EECA81-3B9C-43ED-A974-2C3142ED8C4E}.Debug|x64.ActiveCfg = Debug|x64
		{48EECA81-3B9C-43ED-A974-2C3142ED8C4E}.Debug|x64.Build.0 = Debug|x64
		{48EECA81-3B9C-43ED-A974-2C3142ED8C4E}.Release|Any CPU.ActiveCfg = Release|Win32
		{48EECA81-3B9C-43ED-A974-2C3142ED8C4E}.Release|x64.ActiveCfg = Release|x64
		{48EECA81-3B9C-43ED-A974-2C3142ED8C4E}.Release|x64.Build.0 = Release|x64
		{C5DF77E7-C043-4811-946F-FB710AE96E6F}.Debug|Any CPU.ActiveCfg = Debug|Any CPU
		{C5DF77E7-C043-4811-946F-FB710AE96E6F}.Debug|Any CPU.Build.0 = Debug|Any CPU
		{C5DF77E7-C043-4811-946F-FB710AE96E6F}.Debug|x64.ActiveCfg = Debug|Any CPU
		{C5DF77E7-C043-4811-946F-FB710AE96E6F}.Debug|x64.Build.0 = Debug|Any CPU
		{C5DF77E7-C043-4811-946F-FB710AE96E6F}.Release|Any CPU.ActiveCfg = Release|Any CPU
		{C5DF77E7-C043-4811-946F-FB710AE96E6F}.Release|Any CPU.Build.0 = Release|Any CPU
		{C5DF77E7-C043-4811-946F-FB710AE96E6F}.Release|x64.ActiveCfg = Release|Any CPU
		{C5DF77E7-C043-4811-946F-FB710AE96E6F}.Release|x64.Build.0 = Release|Any CPU
		{7C798466-2F92-4A8F-8E19-761B3ACCD202}.Debug|Any CPU.ActiveCfg = Debug|Any CPU
		{7C798466-2F92-4A8F-8E19-761B3ACCD202}.Debug|Any CPU.Build.0 = Debug|Any CPU
		{7C798466-2F92-4A8F-8E19-761B3ACCD202}.Debug|x64.ActiveCfg = Debug|Any CPU
		{7C798466-2F92-4A8F-8E19-761B3ACCD202}.Debug|x64.Build.0 = Debug|Any CPU
		{7C798466-2F92-4A8F-8E19-761B3ACCD202}.Release|Any CPU.ActiveCfg = Release|Any CPU
		{7C798466-2F92-4A8F-8E19-761B3ACCD202}.Release|Any CPU.Build.0 = Release|Any CPU
		{7C798466-2F92-4A8F-8E19-761B3ACCD202}.Release|x64.ActiveCfg = Release|Any CPU
		{7C798466-2F92-4A8F-8E19-761B3ACCD202}.Release|x64.Build.0 = Release|Any CPU
		{D71C3ACC-33FF-4D2D-BC22-5011EE6423E7}.Debug|Any CPU.ActiveCfg = Debug|x64
		{D71C3ACC-33FF-4D2D-BC22-5011EE6423E7}.Debug|Any CPU.Build.0 = Debug|x64
		{D71C3ACC-33FF-4D2D-BC22-5011EE6423E7}.Debug|x64.ActiveCfg = Debug|x64
		{D71C3ACC-33FF-4D2D-BC22-5011EE6423E7}.Debug|x64.Build.0 = Debug|x64
		{D71C3ACC-33FF-4D2D-BC22-5011EE6423E7}.Release|Any CPU.ActiveCfg = Release|x64
		{D71C3ACC-33FF-4D2D-BC22-5011EE6423E7}.Release|Any CPU.Build.0 = Release|x64
		{D71C3ACC-33FF-4D2D-BC22-5011EE6423E7}.Release|x64.ActiveCfg = Release|x64
		{D71C3ACC-33FF-4D2D-BC22-5011EE6423E7}.Release|x64.Build.0 = Release|x64
		{9FA222D5-8C29-4614-A633-6EBFDD978EE5}.Debug|Any CPU.ActiveCfg = Debug|x64
		{9FA222D5-8C29-4614-A633-6EBFDD978EE5}.Debug|Any CPU.Build.0 = Debug|x64
		{9FA222D5-8C29-4614-A633-6EBFDD978EE5}.Debug|x64.ActiveCfg = Debug|x64
		{9FA222D5-8C29-4614-A633-6EBFDD978EE5}.Debug|x64.Build.0 = Debug|x64
		{9FA222D5-8C29-4614-A633-6EBFDD978EE5}.Release|Any CPU.ActiveCfg = Release|x64
		{9FA222D5-8C29-4614-A633-6EBFDD978EE5}.Release|Any CPU.Build.0 = Release|x64
		{9FA222D5-8C29-4614-A633-6EBFDD978EE5}.Release|x64.ActiveCfg = Release|x64
		{9FA222D5-8C29-4614-A633-6EBFDD978EE5}.Release|x64.Build.0 = Release|x64
		{6A2F6D33-F73D-7427-7835-774F9AB5B99B}.Debug|Any CPU.ActiveCfg = Debug|Any CPU
		{6A2F6D33-F73D-7427-7835-774F9AB5B99B}.Debug|Any CPU.Build.0 = Debug|Any CPU
		{6A2F6D33-F73D-7427-7835-774F9AB5B99B}.Debug|x64.ActiveCfg = Debug|Any CPU
		{6A2F6D33-F73D-7427-7835-774F9AB5B99B}.Debug|x64.Build.0 = Debug|Any CPU
		{6A2F6D33-F73D-7427-7835-774F9AB5B99B}.Release|Any CPU.ActiveCfg = Release|Any CPU
		{6A2F6D33-F73D-7427-7835-774F9AB5B99B}.Release|Any CPU.Build.0 = Release|Any CPU
		{6A2F6D33-F73D-7427-7835-774F9AB5B99B}.Release|x64.ActiveCfg = Release|Any CPU
		{6A2F6D33-F73D-7427-7835-774F9AB5B99B}.Release|x64.Build.0 = Release|Any CPU
	EndGlobalSection
	GlobalSection(SolutionProperties) = preSolution
		HideSolutionNode = FALSE
	EndGlobalSection
	GlobalSection(ExtensibilityGlobals) = postSolution
		SolutionGuid = {C0A17C81-AD9B-49A8-BE1B-75CC90A8C90B}
	EndGlobalSection
EndGlobal
